{
  "name": "tuya-iot-panel",
  "lockfileVersion": 2,
  "requires": true,
  "packages": {
    "": {
      "dependencies": {
        "@vant/weapp": "^1.6.2",
        "miniprogram-recycle-view": "^0.1.5"
      }
    },
    "node_modules/@vant/weapp": {
      "version": "1.6.8",
      "resolved": "https://registry.npm.taobao.org/@vant/weapp/download/@vant/weapp-1.6.8.tgz",
      "integrity": "sha1-lIrhb7oHxaIFTFJ4PyKq9qBEU+E="
    },
    "node_modules/miniprogram-recycle-view": {
      "version": "0.1.5",
      "resolved": "https://registry.nlark.com/miniprogram-recycle-view/download/miniprogram-recycle-view-0.1.5.tgz",
      "integrity": "sha1-hUwv4N9jwhZfc5yOBEaqNapsfXg="
    }
  },
  "dependencies": {
    "@vant/weapp": {
      "version": "1.6.8",
      "resolved": "https://registry.npm.taobao.org/@vant/weapp/download/@vant/weapp-1.6.8.tgz",
      "integrity": "sha1-lIrhb7oHxaIFTFJ4PyKq9qBEU+E="
    },
    "miniprogram-recycle-view": {
      "version": "0.1.5",
      "resolved": "https://registry.nlark.com/miniprogram-recycle-view/download/miniprogram-recycle-view-0.1.5.tgz",
      "integrity": "sha1-hUwv4N9jwhZfc5yOBEaqNapsfXg="
    }
  }
}
